
Microsoft Visual Studio Solution File, Format Version 12.00
# Visual Studio Version 16
VisualStudioVersion = 16.0.30309.148
MinimumVisualStudioVersion = 10.0.40219.1
Project("{9A19103F-16F7-4668-BE54-9A1E7A4F7556}") = "Roman.UnitTest", "Roman.UnitTest\Roman.UnitTest.csproj", "{8093AB91-D5F8-4BDD-8A62-3EEEE2F87D06}"
EndProject
Project("{FAE04EC0-301F-11D3-BF4B-00C04F79EFBC}") = "Roman", "Roman\Roman.csproj", "{0F0EC80B-8040-4F7F-B429-7094BAC3CE23}"
EndProject
Global
	GlobalSection(SolutionConfigurationPlatforms) = preSolution
		Debug|Any CPU = Debug|Any CPU
		Release|Any CPU = Release|Any CPU
	EndGlobalSection
	GlobalSection(ProjectConfigurationPlatforms) = postSolution
		{8093AB91-D5F8-4BDD-8A62-3EEEE2F87D06}.Debug|Any CPU.ActiveCfg = Debug|Any CPU
		{8093AB91-D5F8-4BDD-8A62-3EEEE2F87D06}.Debug|Any CPU.Build.0 = Debug|Any CPU
		{8093AB91-D5F8-4BDD-8A62-3EEEE2F87D06}.Release|Any CPU.ActiveCfg = Release|Any CPU
		{8093AB91-D5F8-4BDD-8A62-3EEEE2F87D06}.Release|Any CPU.Build.0 = Release|Any CPU
		{0F0EC80B-8040-4F7F-B429-7094BAC3CE23}.Debug|Any CPU.ActiveCfg = Debug|Any CPU
		{0F0EC80B-8040-4F7F-B429-7094BAC3CE23}.Debug|Any CPU.Build.0 = Debug|Any CPU
		{0F0EC80B-8040-4F7F-B429-7094BAC3CE23}.Release|Any CPU.ActiveCfg = Release|Any CPU
		{0F0EC80B-8040-4F7F-B429-7094BAC3CE23}.Release|Any CPU.Build.0 = Release|Any CPU
	EndGlobalSection
	GlobalSection(SolutionProperties) = preSolution
		HideSolutionNode = FALSE
	EndGlobalSection
	GlobalSection(ExtensibilityGlobals) = postSolution
		SolutionGuid = {0A4781C4-486A-4AEB-A052-36C716DF069D}
	EndGlobalSection
EndGlobal
